
Microsoft Visual Studio Solution File, Format Version 12.00
# Visual Studio 14
VisualStudioVersion = 14.0.25420.1
MinimumVisualStudioVersion = 10.0.40219.1
Project("{FAE04EC0-301F-11D3-BF4B-00C04F79EFBC}") = "MemoryGame.App.Droid", "MemoryGame.App\MemoryGame.App.Droid\MemoryGame.App.Droid.csproj", "{45B0C291-3F0C-498F-B11A-EF94A98C1B40}"
EndProject
Project("{FAE04EC0-301F-11D3-BF4B-00C04F79EFBC}") = "MemoryGame.App.iOS", "MemoryGame.App\MemoryGame.App.iOS\MemoryGame.App.iOS.csproj", "{BBD40882-8ED3-4AAF-B705-D410F932E367}"
EndProject
Project("{FAE04EC0-301F-11D3-BF4B-00C04F79EFBC}") = "MemoryGame.App", "MemoryGame.App\MemoryGame.App\MemoryGame.App.csproj", "{6F85CD09-A231-4390-896F-45D22FB0934A}"
EndProject
Project("{FAE04EC0-301F-11D3-BF4B-00C04F79EFBC}") = "MemoryGame.API", "MemoryGame.API\MemoryGame.API.csproj", "{BAB9EF31-CBD0-4530-BC70-9724D47E3BB6}"
EndProject
Project("{FAE04EC0-301F-11D3-BF4B-00C04F79EFBC}") = "MemoryGame.Web", "MemoryGame.Web\MemoryGame.Web.csproj", "{E4EAC6C2-CB81-45A0-9A4B-88A62798D04C}"
EndProject
Global
	GlobalSection(SolutionConfigurationPlatforms) = preSolution
		Ad-Hoc|Any CPU = Ad-Hoc|Any CPU
		Ad-Hoc|iPhone = Ad-Hoc|iPhone
		Ad-Hoc|iPhoneSimulator = Ad-Hoc|iPhoneSimulator
		AppStore|Any CPU = AppStore|Any CPU
		AppStore|iPhone = AppStore|iPhone
		AppStore|iPhoneSimulator = AppStore|iPhoneSimulator
		Debug|Any CPU = Debug|Any CPU
		Debug|iPhone = Debug|iPhone
		Debug|iPhoneSimulator = Debug|iPhoneSimulator
		Release|Any CPU = Release|Any CPU
		Release|iPhone = Release|iPhone
		Release|iPhoneSimulator = Release|iPhoneSimulator
	EndGlobalSection
	GlobalSection(ProjectConfigurationPlatforms) = postSolution
		{45B0C291-3F0C-498F-B11A-EF94A98C1B40}.Ad-Hoc|Any CPU.ActiveCfg = Release|Any CPU
		{45B0C291-3F0C-498F-B11A-EF94A98C1B40}.Ad-Hoc|Any CPU.Build.0 = Release|Any CPU
		{45B0C291-3F0C-498F-B11A-EF94A98C1B40}.Ad-Hoc|Any CPU.Deploy.0 = Release|Any CPU
		{45B0C291-3F0C-498F-B11A-EF94A98C1B40}.Ad-Hoc|iPhone.ActiveCfg = Release|Any CPU
		{45B0C291-3F0C-498F-B11A-EF94A98C1B40}.Ad-Hoc|iPhone.Build.0 = Release|Any CPU
		{45B0C291-3F0C-498F-B11A-EF94A98C1B40}.Ad-Hoc|iPhone.Deploy.0 = Release|Any CPU
		{45B0C291-3F0C-498F-B11A-EF94A98C1B40}.Ad-Hoc|iPhoneSimulator.ActiveCfg = Release|Any CPU
		{45B0C291-3F0C-498F-B11A-EF94A98C1B40}.Ad-Hoc|iPhoneSimulator.Build.0 = Release|Any CPU
		{45B0C291-3F0C-498F-B11A-EF94A98C1B40}.Ad-Hoc|iPhoneSimulator.Deploy.0 = Release|Any CPU
		{45B0C291-3F0C-498F-B11A-EF94A98C1B40}.AppStore|Any CPU.ActiveCfg = Release|Any CPU
		{45B0C291-3F0C-498F-B11A-EF94A98C1B40}.AppStore|Any CPU.Build.0 = Release|Any CPU
		{45B0C291-3F0C-498F-B11A-EF94A98C1B40}.AppStore|Any CPU.Deploy.0 = Release|Any CPU
		{45B0C291-3F0C-498F-B11A-EF94A98C1B40}.AppStore|iPhone.ActiveCfg = Release|Any CPU
		{45B0C291-3F0C-498F-B11A-EF94A98C1B40}.AppStore|iPhone.Build.0 = Release|Any CPU
		{45B0C291-3F0C-498F-B11A-EF94A98C1B40}.AppStore|iPhone.Deploy.0 = Release|Any CPU
		{45B0C291-3F0C-498F-B11A-EF94A98C1B40}.AppStore|iPhoneSimulator.ActiveCfg = Release|Any CPU
		{45B0C291-3F0C-498F-B11A-EF94A98C1B40}.AppStore|iPhoneSimulator.Build.0 = Release|Any CPU
		{45B0C291-3F0C-498F-B11A-EF94A98C1B40}.AppStore|iPhoneSimulator.Deploy.0 = Release|Any CPU
		{45B0C291-3F0C-498F-B11A-EF94A98C1B40}.Debug|Any CPU.ActiveCfg = Debug|Any CPU
		{45B0C291-3F0C-498F-B11A-EF94A98C1B40}.Debug|Any CPU.Build.0 = Debug|Any CPU
		{45B0C291-3F0C-498F-B11A-EF94A98C1B40}.Debug|Any CPU.Deploy.0 = Debug|Any CPU
		{45B0C291-3F0C-498F-B11A-EF94A98C1B40}.Debug|iPhone.ActiveCfg = Debug|Any CPU
		{45B0C291-3F0C-498F-B11A-EF94A98C1B40}.Debug|iPhone.Build.0 = Debug|Any CPU
		{45B0C291-3F0C-498F-B11A-EF94A98C1B40}.Debug|iPhone.Deploy.0 = Debug|Any CPU
		{45B0C291-3F0C-498F-B11A-EF94A98C1B40}.Debug|iPhoneSimulator.ActiveCfg = Debug|Any CPU
		{45B0C291-3F0C-498F-B11A-EF94A98C1B40}.Debug|iPhoneSimulator.Build.0 = Debug|Any CPU
		{45B0C291-3F0C-498F-B11A-EF94A98C1B40}.Debug|iPhoneSimulator.Deploy.0 = Debug|Any CPU
		{45B0C291-3F0C-498F-B11A-EF94A98C1B40}.Release|Any CPU.ActiveCfg = Release|Any CPU
		{45B0C291-3F0C-498F-B11A-EF94A98C1B40}.Release|Any CPU.Build.0 = Release|Any CPU
		{45B0C291-3F0C-498F-B11A-EF94A98C1B40}.Release|Any CPU.Deploy.0 = Release|Any CPU
		{45B0C291-3F0C-498F-B11A-EF94A98C1B40}.Release|iPhone.ActiveCfg = Release|Any CPU
		{45B0C291-3F0C-498F-B11A-EF94A98C1B40}.Release|iPhone.Build.0 = Release|Any CPU
		{45B0C291-3F0C-498F-B11A-EF94A98C1B40}.Release|iPhone.Deploy.0 = Release|Any CPU
		{45B0C291-3F0C-498F-B11A-EF94A98C1B40}.Release|iPhoneSimulator.ActiveCfg = Release|Any CPU
		{45B0C291-3F0C-498F-B11A-EF94A98C1B40}.Release|iPhoneSimulator.Build.0 = Release|Any CPU
		{45B0C291-3F0C-498F-B11A-EF94A98C1B40}.Release|iPhoneSimulator.Deploy.0 = Release|Any CPU
		{BBD40882-8ED3-4AAF-B705-D410F932E367}.Ad-Hoc|Any CPU.ActiveCfg = Ad-Hoc|iPhone
		{BBD40882-8ED3-4AAF-B705-D410F932E367}.Ad-Hoc|iPhone.ActiveCfg = Ad-Hoc|iPhone
		{BBD40882-8ED3-4AAF-B705-D410F932E367}.Ad-Hoc|iPhone.Build.0 = Ad-Hoc|iPhone
		{BBD40882-8ED3-4AAF-B705-D410F932E367}.Ad-Hoc|iPhoneSimulator.ActiveCfg = Ad-Hoc|iPhoneSimulator
		{BBD40882-8ED3-4AAF-B705-D410F932E367}.Ad-Hoc|iPhoneSimulator.Build.0 = Ad-Hoc|iPhoneSimulator
		{BBD40882-8ED3-4AAF-B705-D410F932E367}.AppStore|Any CPU.ActiveCfg = AppStore|iPhone
		{BBD40882-8ED3-4AAF-B705-D410F932E367}.AppStore|iPhone.ActiveCfg = AppStore|iPhone
		{BBD40882-8ED3-4AAF-B705-D410F932E367}.AppStore|iPhone.Build.0 = AppStore|iPhone
		{BBD40882-8ED3-4AAF-B705-D410F932E367}.AppStore|iPhoneSimulator.ActiveCfg = AppStore|iPhoneSimulator
		{BBD40882-8ED3-4AAF-B705-D410F932E367}.AppStore|iPhoneSimulator.Build.0 = AppStore|iPhoneSimulator
		{BBD40882-8ED3-4AAF-B705-D410F932E367}.Debug|Any CPU.ActiveCfg = Debug|iPhone
		{BBD40882-8ED3-4AAF-B705-D410F932E367}.Debug|iPhone.ActiveCfg = Debug|iPhone
		{BBD40882-8ED3-4AAF-B705-D410F932E367}.Debug|iPhone.Build.0 = Debug|iPhone
		{BBD40882-8ED3-4AAF-B705-D410F932E367}.Debug|iPhoneSimulator.ActiveCfg = Debug|iPhoneSimulator
		{BBD40882-8ED3-4AAF-B705-D410F932E367}.Debug|iPhoneSimulator.Build.0 = Debug|iPhoneSimulator
		{BBD40882-8ED3-4AAF-B705-D410F932E367}.Release|Any CPU.ActiveCfg = Release|iPhone
		{BBD40882-8ED3-4AAF-B705-D410F932E367}.Release|iPhone.ActiveCfg = Release|iPhone
		{BBD40882-8ED3-4AAF-B705-D410F932E367}.Release|iPhone.Build.0 = Release|iPhone
		{BBD40882-8ED3-4AAF-B705-D410F932E367}.Release|iPhoneSimulator.ActiveCfg = Release|iPhoneSimulator
		{BBD40882-8ED3-4AAF-B705-D410F932E367}.Release|iPhoneSimulator.Build.0 = Release|iPhoneSimulator
		{6F85CD09-A231-4390-896F-45D22FB0934A}.Ad-Hoc|Any CPU.ActiveCfg = Release|Any CPU
		{6F85CD09-A231-4390-896F-45D22FB0934A}.Ad-Hoc|Any CPU.Build.0 = Release|Any CPU
		{6F85CD09-A231-4390-896F-45D22FB0934A}.Ad-Hoc|iPhone.ActiveCfg = Release|Any CPU
		{6F85CD09-A231-4390-896F-45D22FB0934A}.Ad-Hoc|iPhone.Build.0 = Release|Any CPU
		{6F85CD09-A231-4390-896F-45D22FB0934A}.Ad-Hoc|iPhoneSimulator.ActiveCfg = Release|Any CPU
		{6F85CD09-A231-4390-896F-45D22FB0934A}.Ad-Hoc|iPhoneSimulator.Build.0 = Release|Any CPU
		{6F85CD09-A231-4390-896F-45D22FB0934A}.AppStore|Any CPU.ActiveCfg = Release|Any CPU
		{6F85CD09-A231-4390-896F-45D22FB0934A}.AppStore|Any CPU.Build.0 = Release|Any CPU
		{6F85CD09-A231-4390-896F-45D22FB0934A}.AppStore|iPhone.ActiveCfg = Release|Any CPU
		{6F85CD09-A231-4390-896F-45D22FB0934A}.AppStore|iPhone.Build.0 = Release|Any CPU
		{6F85CD09-A231-4390-896F-45D22FB0934A}.AppStore|iPhoneSimulator.ActiveCfg = Release|Any CPU
		{6F85CD09-A231-4390-896F-45D22FB0934A}.AppStore|iPhoneSimulator.Build.0 = Release|Any CPU
		{6F85CD09-A231-4390-896F-45D22FB0934A}.Debug|Any CPU.ActiveCfg = Debug|Any CPU
		{6F85CD09-A231-4390-896F-45D22FB0934A}.Debug|Any CPU.Build.0 = Debug|Any CPU
		{6F85CD09-A231-4390-896F-45D22FB0934A}.Debug|iPhone.ActiveCfg = Debug|Any CPU
		{6F85CD09-A231-4390-896F-45D22FB0934A}.Debug|iPhone.Build.0 = Debug|Any CPU
		{6F85CD09-A231-4390-896F-45D22FB0934A}.Debug|iPhoneSimulator.ActiveCfg = Debug|Any CPU
		{6F85CD09-A231-4390-896F-45D22FB0934A}.Debug|iPhoneSimulator.Build.0 = Debug|Any CPU
		{6F85CD09-A231-4390-896F-45D22FB0934A}.Release|Any CPU.ActiveCfg = Release|Any CPU
		{6F85CD09-A231-4390-896F-45D22FB0934A}.Release|Any CPU.Build.0 = Release|Any CPU
		{6F85CD09-A231-4390-896F-45D22FB0934A}.Release|iPhone.ActiveCfg = Release|Any CPU
		{6F85CD09-A231-4390-896F-45D22FB0934A}.Release|iPhone.Build.0 = Release|Any CPU
		{6F85CD09-A231-4390-896F-45D22FB0934A}.Release|iPhoneSimulator.ActiveCfg = Release|Any CPU
		{6F85CD09-A231-4390-896F-45D22FB0934A}.Release|iPhoneSimulator.Build.0 = Release|Any CPU
		{BAB9EF31-CBD0-4530-BC70-9724D47E3BB6}.Ad-Hoc|Any CPU.ActiveCfg = Release|Any CPU
		{BAB9EF31-CBD0-4530-BC70-9724D47E3BB6}.Ad-Hoc|Any CPU.Build.0 = Release|Any CPU
		{BAB9EF31-CBD0-4530-BC70-9724D47E3BB6}.Ad-Hoc|iPhone.ActiveCfg = Release|Any CPU
		{BAB9EF31-CBD0-4530-BC70-9724D47E3BB6}.Ad-Hoc|iPhone.Build.0 = Release|Any CPU
		{BAB9EF31-CBD0-4530-BC70-9724D47E3BB6}.Ad-Hoc|iPhoneSimulator.ActiveCfg = Release|Any CPU
		{BAB9EF31-CBD0-4530-BC70-9724D47E3BB6}.Ad-Hoc|iPhoneSimulator.Build.0 = Release|Any CPU
		{BAB9EF31-CBD0-4530-BC70-9724D47E3BB6}.AppStore|Any CPU.ActiveCfg = Release|Any CPU
		{BAB9EF31-CBD0-4530-BC70-9724D47E3BB6}.AppStore|Any CPU.Build.0 = Release|Any CPU
		{BAB9EF31-CBD0-4530-BC70-9724D47E3BB6}.AppStore|iPhone.ActiveCfg = Release|Any CPU
		{BAB9EF31-CBD0-4530-BC70-9724D47E3BB6}.AppStore|iPhone.Build.0 = Release|Any CPU
		{BAB9EF31-CBD0-4530-BC70-9724D47E3BB6}.AppStore|iPhoneSimulator.ActiveCfg = Release|Any CPU
		{BAB9EF31-CBD0-4530-BC70-9724D47E3BB6}.AppStore|iPhoneSimulator.Build.0 = Release|Any CPU
		{BAB9EF31-CBD0-4530-BC70-9724D47E3BB6}.Debug|Any CPU.ActiveCfg = Debug|Any CPU
		{BAB9EF31-CBD0-4530-BC70-9724D47E3BB6}.Debug|Any CPU.Build.0 = Debug|Any CPU
		{BAB9EF31-CBD0-4530-BC70-9724D47E3BB6}.Debug|iPhone.ActiveCfg = Debug|Any CPU
		{BAB9EF31-CBD0-4530-BC70-9724D47E3BB6}.Debug|iPhone.Build.0 = Debug|Any CPU
		{BAB9EF31-CBD0-4530-BC70-9724D47E3BB6}.Debug|iPhoneSimulator.ActiveCfg = Debug|Any CPU
		{BAB9EF31-CBD0-4530-BC70-9724D47E3BB6}.Debug|iPhoneSimulator.Build.0 = Debug|Any CPU
		{BAB9EF31-CBD0-4530-BC70-9724D47E3BB6}.Release|Any CPU.ActiveCfg = Release|Any CPU
		{BAB9EF31-CBD0-4530-BC70-9724D47E3BB6}.Release|Any CPU.Build.0 = Release|Any CPU
		{BAB9EF31-CBD0-4530-BC70-9724D47E3BB6}.Release|iPhone.ActiveCfg = Release|Any CPU
		{BAB9EF31-CBD0-4530-BC70-9724D47E3BB6}.Release|iPhone.Build.0 = Release|Any CPU
		{BAB9EF31-CBD0-4530-BC70-9724D47E3BB6}.Release|iPhoneSimulator.ActiveCfg = Release|Any CPU
		{BAB9EF31-CBD0-4530-BC70-9724D47E3BB6}.Release|iPhoneSimulator.Build.0 = Release|Any CPU
		{E4EAC6C2-CB81-45A0-9A4B-88A62798D04C}.Ad-Hoc|Any CPU.ActiveCfg = Release|Any CPU
		{E4EAC6C2-CB81-45A0-9A4B-88A62798D04C}.Ad-Hoc|Any CPU.Build.0 = Release|Any CPU
		{E4EAC6C2-CB81-45A0-9A4B-88A62798D04C}.Ad-Hoc|iPhone.ActiveCfg = Release|Any CPU
		{E4EAC6C2-CB81-45A0-9A4B-88A62798D04C}.Ad-Hoc|iPhone.Build.0 = Release|Any CPU
		{E4EAC6C2-CB81-45A0-9A4B-88A62798D04C}.Ad-Hoc|iPhoneSimulator.ActiveCfg = Release|Any CPU
		{E4EAC6C2-CB81-45A0-9A4B-88A62798D04C}.Ad-Hoc|iPhoneSimulator.Build.0 = Release|Any CPU
		{E4EAC6C2-CB81-45A0-9A4B-88A62798D04C}.AppStore|Any CPU.ActiveCfg = Release|Any CPU
		{E4EAC6C2-CB81-45A0-9A4B-88A62798D04C}.AppStore|Any CPU.Build.0 = Release|Any CPU
		{E4EAC6C2-CB81-45A0-9A4B-88A62798D04C}.AppStore|iPhone.ActiveCfg = Release|Any CPU
		{E4EAC6C2-CB81-45A0-9A4B-88A62798D04C}.AppStore|iPhone.Build.0 = Release|Any CPU
		{E4EAC6C2-CB81-45A0-9A4B-88A62798D04C}.AppStore|iPhoneSimulator.ActiveCfg = Release|Any CPU
		{E4EAC6C2-CB81-45A0-9A4B-88A62798D04C}.AppStore|iPhoneSimulator.Build.0 = Release|Any CPU
		{E4EAC6C2-CB81-45A0-9A4B-88A62798D04C}.Debug|Any CPU.ActiveCfg = Debug|Any CPU
		{E4EAC6C2-CB81-45A0-9A4B-88A62798D04C}.Debug|Any CPU.Build.0 = Debug|Any CPU
		{E4EAC6C2-CB81-45A0-9A4B-88A62798D04C}.Debug|iPhone.ActiveCfg = Debug|Any CPU
		{E4EAC6C2-CB81-45A0-9A4B-88A62798D04C}.Debug|iPhone.Build.0 = Debug|Any CPU
		{E4EAC6C2-CB81-45A0-9A4B-88A62798D04C}.Debug|iPhoneSimulator.ActiveCfg = Debug|Any CPU
		{E4EAC6C2-CB81-45A0-9A4B-88A62798D04C}.Debug|iPhoneSimulator.Build.0 = Debug|Any CPU
		{E4EAC6C2-CB81-45A0-9A4B-88A62798D04C}.Release|Any CPU.ActiveCfg = Release|Any CPU
		{E4EAC6C2-CB81-45A0-9A4B-88A62798D04C}.Release|Any CPU.Build.0 = Release|Any CPU
		{E4EAC6C2-CB81-45A0-9A4B-88A62798D04C}.Release|iPhone.ActiveCfg = Release|Any CPU
		{E4EAC6C2-CB81-45A0-9A4B-88A62798D04C}.Release|iPhone.Build.0 = Release|Any CPU
		{E4EAC6C2-CB81-45A0-9A4B-88A62798D04C}.Release|iPhoneSimulator.ActiveCfg = Release|Any CPU
		{E4EAC6C2-CB81-45A0-9A4B-88A62798D04C}.Release|iPhoneSimulator.Build.0 = Release|Any CPU
	EndGlobalSection
	GlobalSection(SolutionProperties) = preSolution
		HideSolutionNode = FALSE
	EndGlobalSection
EndGlobal
